// !$*UTF8*$!
{
	archiveVersion = 1;
	classes = {
	};
	objectVersion = 46;
	objects = {

/* Begin PBXBuildFile section */
		D3376A6B1D59DB0C00DB4EDE /* RatingControl.swift in Sources */ = {isa = PBXBuildFile; fileRef = D3376A6A1D59DB0C00DB4EDE /* RatingControl.swift */; };
		D3810E0A1D59995700D973FB /* AppDelegate.swift in Sources */ = {isa = PBXBuildFile; fileRef = D3810E091D59995700D973FB /* AppDelegate.swift */; };
		D3810E0C1D59995700D973FB /* ViewController.swift in Sources */ = {isa = PBXBuildFile; fileRef = D3810E0B1D59995700D973FB /* ViewController.swift */; };
		D3810E0F1D59995700D973FB /* Main.storyboard in Resources */ = {isa = PBXBuildFile; fileRef = D3810E0D1D59995700D973FB /* Main.storyboard */; };
		D3810E111D59995700D973FB /* Assets.xcassets in Resources */ = {isa = PBXBuildFile; fileRef = D3810E101D59995700D973FB /* Assets.xcassets */; };
		D3810E141D59995700D973FB /* LaunchScreen.storyboard in Resources */ = {isa = PBXBuildFile; fileRef = D3810E121D59995700D973FB /* LaunchScreen.storyboard */; };
		D3810E1F1D59995700D973FB /* foodTrackerDemoTests.swift in Sources */ = {isa = PBXBuildFile; fileRef = D3810E1E1D59995700D973FB /* foodTrackerDemoTests.swift */; };
/* End PBXBuildFile section */

/* Begin PBXContainerItemProxy section */
		D3810E1B1D59995700D973FB /* PBXContainerItemProxy */ = {
			isa = PBXContainerItemProxy;
			containerPortal = D3810DFE1D59995700D973FB /* Project object */;
			proxyType = 1;
			remoteGlobalIDString = D3810E051D59995700D973FB;
			remoteInfo = foodTrackerDemo;
		};
/* End PBXContainerItemProxy section */

/* Begin PBXFileReference section */
		D3376A6A1D59DB0C00DB4EDE /* RatingControl.swift */ = {isa = PBXFileReference; fileEncoding = 4; lastKnownFileType = sourcecode.swift; path = RatingControl.swift; sourceTree = "<group>"; };
		D3810E061D59995700D973FB /* foodTrackerDemo.app */ = {isa = PBXFileReference; explicitFileType = wrapper.application; includeInIndex = 0; path = foodTrackerDemo.app; sourceTree = BUILT_PRODUCTS_DIR; };
		D3810E091D59995700D973FB /* AppDelegate.swift */ = {isa = PBXFileReference; lastKnownFileType = sourcecode.swift; path = AppDelegate.swift; sourceTree = "<group>"; };
		D3810E0B1D59995700D973FB /* ViewController.swift */ = {isa = PBXFileReference; lastKnownFileType = sourcecode.swift; path = ViewController.swift; sourceTree = "<group>"; };
		D3810E0E1D59995700D973FB /* Base */ = {isa = PBXFileReference; lastKnownFileType = file.storyboard; name = Base; path = Base.lproj/Main.storyboard; sourceTree = "<group>"; };
		D3810E101D59995700D973FB /* Assets.xcassets */ = {isa = PBXFileReference; lastKnownFileType = folder.assetcatalog; path = Assets.xcassets; sourceTree = "<group>"; };
		D3810E131D59995700D973FB /* Base */ = {isa = PBXFileReference; lastKnownFileType = file.storyboard; name = Base; path = Base.lproj/LaunchScreen.storyboard; sourceTree = "<group>"; };
		D3810E151D59995700D973FB /* Info.plist */ = {isa = PBXFileReference; lastKnownFileType = text.plist.xml; path = Info.plist; sourceTree = "<group>"; };
		D3810E1A1D59995700D973FB /* foodTrackerDemoTests.xctest */ = {isa = PBXFileReference; explicitFileType = wrapper.cfbundle; includeInIndex = 0; path = foodTrackerDemoTests.xctest; sourceTree = BUILT_PRODUCTS_DIR; };
		D3810E1E1D59995700D973FB /* foodTrackerDemoTests.swift */ = {isa = PBXFileReference; lastKnownFileType = sourcecode.swift; path = foodTrackerDemoTests.swift; sourceTree = "<group>"; };
		D3810E201D59995700D973FB /* Info.plist */ = {isa = PBXFileReference; lastKnownFileType = text.plist.xml; path = Info.plist; sourceTree = "<group>"; };
/* End PBXFileReference section */

/* Begin PBXFrameworksBuildPhase section */
		D3810E031D59995700D973FB /* Frameworks */ = {
			isa = PBXFrameworksBuildPhase;
			buildActionMask = 2147483647;
			files = (
			);
			runOnlyForDeploymentPostprocessing = 0;
		};
		D3810E171D59995700D973FB /* Frameworks */ = {
			isa = PBXFrameworksBuildPhase;
			buildActionMask = 2147483647;
			files = (
			);
			runOnlyForDeploymentPostprocessing = 0;
		};
/* End PBXFrameworksBuildPhase section */

/* Begin PBXGroup section */
		D3810DFD1D59995700D973FB = {
			isa = PBXGroup;
			children = (
				D3810E081D59995700D973FB /* foodTrackerDemo */,
				D3810E1D1D59995700D973FB /* foodTrackerDemoTests */,
				D3810E071D59995700D973FB /* Products */,
			);
			sourceTree = "<group>";
		};
		D3810E071D59995700D973FB /* Products */ = {
			isa = PBXGroup;
			children = (
				D3810E061D59995700D973FB /* foodTrackerDemo.app */,
				D3810E1A1D59995700D973FB /* foodTrackerDemoTests.xctest */,
			);
			name = Products;
			sourceTree = "<group>";
		};
		D3810E081D59995700D973FB /* foodTrackerDemo */ = {
			isa = PBXGroup;
			children = (
				D3810E091D59995700D973FB /* AppDelegate.swift */,
				D3810E0B1D59995700D973FB /* ViewController.swift */,
				D3810E0D1D59995700D973FB /* Main.storyboard */,
				D3810E101D59995700D973FB /* Assets.xcassets */,
				D3810E121D59995700D973FB /* LaunchScreen.storyboard */,
				D3810E151D59995700D973FB /* Info.plist */,
				D3376A6A1D59DB0C00DB4EDE /* RatingControl.swift */,
			);
			path = foodTrackerDemo;
			sourceTree = "<group>";
		};
		D3810E1D1D59995700D973FB /* foodTrackerDemoTests */ = {
			isa = PBXGroup;
			children = (
				D3810E1E1D59995700D973FB /* foodTrackerDemoTests.swift */,
				D3810E201D59995700D973FB /* Info.plist */,
			);
			path = foodTrackerDemoTests;
			sourceTree = "<group>";
		};
/* End PBXGroup section */

/* Begin PBXNativeTarget section */
		D3810E051D59995700D973FB /* foodTrackerDemo */ = {
			isa = PBXNativeTarget;
			buildConfigurationList = D3810E231D59995700D973FB /* Build configuration list for PBXNativeTarget "foodTrackerDemo" */;
			buildPhases = (
				D3810E021D59995700D973FB /* Sources */,
				D3810E031D59995700D973FB /* Frameworks */,
				D3810E041D59995700D973FB /* Resources */,
			);
			buildRules = (
			);
			dependencies = (
			);
			name = foodTrackerDemo;
			productName = foodTrackerDemo;
			productReference = D3810E061D59995700D973FB /* foodTrackerDemo.app */;
			productType = "com.apple.product-type.application";
		};
		D3810E191D59995700D973FB /* foodTrackerDemoTests */ = {
			isa = PBXNativeTarget;
			buildConfigurationList = D3810E261D59995700D973FB /* Build configuration list for PBXNativeTarget "foodTrackerDemoTests" */;
			buildPhases = (
				D3810E161D59995700D973FB /* Sources */,
				D3810E171D59995700D973FB /* Frameworks */,
				D3810E181D59995700D973FB /* Resources */,
			);
			buildRules = (
			);
			dependencies = (
				D3810E1C1D59995700D973FB /* PBXTargetDependency */,
			);
			name = foodTrackerDemoTests;
			productName = foodTrackerDemoTests;
			productReference = D3810E1A1D59995700D973FB /* foodTrackerDemoTests.xctest */;
			productType = "com.apple.product-type.bundle.unit-test";
		};
/* End PBXNativeTarget section */

/* Begin PBXProject section */
		D3810DFE1D59995700D973FB /* Project object */ = {
			isa = PBXProject;
			attributes = {
				LastSwiftUpdateCheck = 0730;
				LastUpgradeCheck = 0730;
				ORGANIZATIONNAME = "web corridor";
				TargetAttributes = {
					D3810E051D59995700D973FB = {
						CreatedOnToolsVersion = 7.3.1;
						DevelopmentTeam = YL59WMY554;
					};
					D3810E191D59995700D973FB = {
						CreatedOnToolsVersion = 7.3.1;
						DevelopmentTeam = YL59WMY554;
						TestTargetID = D3810E051D59995700D973FB;
					};
				};
			};
			buildConfigurationList = D3810E011D59995700D973FB /* Build configuration list for PBXProject "foodTrackerDemo" */;
			compatibilityVersion = "Xcode 3.2";
			developmentRegion = English;
			hasScannedForEncodings = 0;
			knownRegions = (
				en,
				Base,
			);
			mainGroup = D3810DFD1D59995700D973FB;
			productRefGroup = D3810E071D59995700D973FB /* Products */;
			projectDirPath = "";
			projectRoot = "";
			targets = (
				D3810E051D59995700D973FB /* foodTrackerDemo */,
				D3810E191D59995700D973FB /* foodTrackerDemoTests */,
			);
		};
/* End PBXProject section */

/* Begin PBXResourcesBuildPhase section */
		D3810E041D59995700D973FB /* Resources */ = {
			isa = PBXResourcesBuildPhase;
			buildActionMask = 2147483647;
			files = (
				D3810E141D59995700D973FB /* LaunchScreen.storyboard in Resources */,
				D3810E111D59995700D973FB /* Assets.xcassets in Resources */,
				D3810E0F1D59995700D973FB /* Main.storyboard in Resources */,
			);
			runOnlyForDeploymentPostprocessing = 0;
		};
		D3810E181D59995700D973FB /* Resources */ = {
			isa = PBXResourcesBuildPhase;
			buildActionMask = 2147483647;
			files = (
			);
			runOnlyForDeploymentPostprocessing = 0;
		};
/* End PBXResourcesBuildPhase section */

/* Begin PBXSourcesBuildPhase section */
		D3810E021D59995700D973FB /* Sources */ = {
			isa = PBXSourcesBuildPhase;
			buildActionMask = 2147483647;
			files = (
				D3810E0C1D59995700D973FB /* ViewController.swift in Sources */,
				D3376A6B1D59DB0C00DB4EDE /* RatingControl.swift in Sources */,
				D3810E0A1D59995700D973FB /* AppDelegate.swift in Sources */,
			);
			runOnlyForDeploymentPostprocessing = 0;
		};
		D3810E161D59995700D973FB /* Sources */ = {
			isa = PBXSourcesBuildPhase;
			buildActionMask = 2147483647;
			files = (
				D3810E1F1D59995700D973FB /* foodTrackerDemoTests.swift in Sources */,
			);
			runOnlyForDeploymentPostprocessing = 0;
		};
/* End PBXSourcesBuildPhase section */

/* Begin PBXTargetDependency section */
		D3810E1C1D59995700D973FB /* PBXTargetDependency */ = {
			isa = PBXTargetDependency;
			target = D3810E051D59995700D973FB /* foodTrackerDemo */;
			targetProxy = D3810E1B1D59995700D973FB /* PBXContainerItemProxy */;
		};
/* End PBXTargetDependency section */

/* Begin PBXVariantGroup section */
		D3810E0D1D59995700D973FB /* Main.storyboard */ = {
			isa = PBXVariantGroup;
			children = (
				D3810E0E1D59995700D973FB /* Base */,
			);
			name = Main.storyboard;
			sourceTree = "<group>";
		};
		D3810E121D59995700D973FB /* LaunchScreen.storyboard */ = {
			isa = PBXVariantGroup;
			children = (
				D3810E131D59995700D973FB /* Base */,
			);
			name = LaunchScreen.storyboard;
			sourceTree = "<group>";
		};
/* End PBXVariantGroup section */

/* Begin XCBuildConfiguration section */
		D3810E211D59995700D973FB /* Debug */ = {
			isa = XCBuildConfiguration;
			buildSettings = {
				ALWAYS_SEARCH_USER_PATHS = NO;
				CLANG_ANALYZER_NONNULL = YES;
				CLANG_CXX_LANGUAGE_STANDARD = "gnu++0x";
				CLANG_CXX_LIBRARY = "libc++";
				CLANG_ENABLE_MODULES = YES;
				CLANG_ENABLE_OBJC_ARC = YES;
				CLANG_WARN_BOOL_CONVERSION = YES;
				CLANG_WARN_CONSTANT_CONVERSION = YES;
				CLANG_WARN_DIRECT_OBJC_ISA_USAGE = YES_ERROR;
				CLANG_WARN_EMPTY_BODY = YES;
				CLANG_WARN_ENUM_CONVERSION = YES;
				CLANG_WARN_INT_CONVERSION = YES;
				CLANG_WARN_OBJC_ROOT_CLASS = YES_ERROR;
				CLANG_WARN_UNREACHABLE_CODE = YES;
				CLANG_WARN__DUPLICATE_METHOD_MATCH = YES;
				"CODE_SIGN_IDENTITY[sdk=iphoneos*]" = "iPhone Developer";
				COPY_PHASE_STRIP = NO;
				DEBUG_INFORMATION_FORMAT = dwarf;
				ENABLE_STRICT_OBJC_MSGSEND = YES;
				ENABLE_TESTABILITY = YES;
				GCC_C_LANGUAGE_STANDARD = gnu99;
				GCC_DYNAMIC_NO_PIC = NO;
				GCC_NO_COMMON_BLOCKS = YES;
				GCC_OPTIMIZATION_LEVEL = 0;
				GCC_PREPROCESSOR_DEFINITIONS = (
					"DEBUG=1",
					"$(inherited)",
				);
				GCC_WARN_64_TO_32_BIT_CONVERSION = YES;
				GCC_WARN_ABOUT_RETURN_TYPE = YES_ERROR;
				GCC_WARN_UNDECLARED_SELECTOR = YES;
				GCC_WARN_UNINITIALIZED_AUTOS = YES_AGGRESSIVE;
				GCC_WARN_UNUSED_FUNCTION = YES;
				GCC_WARN_UNUSED_VARIABLE = YES;
				IPHONEOS_DEPLOYMENT_TARGET = 9.3;
				MTL_ENABLE_DEBUG_INFO = YES;
				ONLY_ACTIVE_ARCH = YES;
				SDKROOT = iphoneos;
				SWIFT_OPTIMIZATION_LEVEL = "-Onone";
				TARGETED_DEVICE_FAMILY = "1,2";
			};
			name = Debug;
		};
		D3810E221D59995700D973FB /* Release */ = {
			isa = XCBuildConfiguration;
			buildSettings = {
				ALWAYS_SEARCH_USER_PATHS = NO;
				CLANG_ANALYZER_NONNULL = YES;
				CLANG_CXX_LANGUAGE_STANDARD = "gnu++0x";
				CLANG_CXX_LIBRARY = "libc++";
				CLANG_ENABLE_MODULES = YES;
				CLANG_ENABLE_OBJC_ARC = YES;
				CLANG_WARN_BOOL_CONVERSION = YES;
				CLANG_WARN_CONSTANT_CONVERSION = YES;
				CLANG_WARN_DIRECT_OBJC_ISA_USAGE = YES_ERROR;
				CLANG_WARN_EMPTY_BODY = YES;
				CLANG_WARN_ENUM_CONVERSION = YES;
				CLANG_WARN_INT_CONVERSION = YES;
				CLANG_WARN_OBJC_ROOT_CLASS = YES_ERROR;
				CLANG_WARN_UNREACHABLE_CODE = YES;
				CLANG_WARN__DUPLICATE_METHOD_MATCH = YES;
				"CODE_SIGN_IDENTITY[sdk=iphoneos*]" = "iPhone Developer";
				COPY_PHASE_STRIP = NO;
				DEBUG_INFORMATION_FORMAT = "dwarf-with-dsym";
				ENABLE_NS_ASSERTIONS = NO;
				ENABLE_STRICT_OBJC_MSGSEND = YES;
				GCC_C_LANGUAGE_STANDARD = gnu99;
				GCC_NO_COMMON_BLOCKS = YES;
				GCC_WARN_64_TO_32_BIT_CONVERSION = YES;
				GCC_WARN_ABOUT_RETURN_TYPE = YES_ERROR;
				GCC_WARN_UNDECLARED_SELECTOR = YES;
				GCC_WARN_UNINITIALIZED_AUTOS = YES_AGGRESSIVE;
				GCC_WARN_UNUSED_FUNCTION = YES;
				GCC_WARN_UNUSED_VARIABLE = YES;
				IPHONEOS_DEPLOYMENT_TARGET = 9.3;
				MTL_ENABLE_DEBUG_INFO = NO;
				SDKROOT = iphoneos;
				TARGETED_DEVICE_FAMILY = "1,2";
				VALIDATE_PRODUCT = YES;
			};
			name = Release;
		};
		D3810E241D59995700D973FB /* Debug */ = {
			isa = XCBuildConfiguration;
			buildSettings = {
				ASSETCATALOG_COMPILER_APPICON_NAME = AppIcon;
				INFOPLIST_FILE = foodTrackerDemo/Info.plist;
				LD_RUNPATH_SEARCH_PATHS = "$(inherited) @executable_path/Frameworks";
				PRODUCT_BUNDLE_IDENTIFIER = net.webcorridor.foodTrackerDemo;
				PRODUCT_NAME = "$(TARGET_NAME)";
			};
			name = Debug;
		};
		D3810E251D59995700D973FB /* Release */ = {
			isa = XCBuildConfiguration;
			buildSettings = {
				ASSETCATALOG_COMPILER_APPICON_NAME = AppIcon;
				INFOPLIST_FILE = foodTrackerDemo/Info.plist;
				LD_RUNPATH_SEARCH_PATHS = "$(inherited) @executable_path/Frameworks";
				PRODUCT_BUNDLE_IDENTIFIER = net.webcorridor.foodTrackerDemo;
				PRODUCT_NAME = "$(TARGET_NAME)";
			};
			name = Release;
		};
		D3810E271D59995700D973FB /* Debug */ = {
			isa = XCBuildConfiguration;
			buildSettings = {
				BUNDLE_LOADER = "$(TEST_HOST)";
				INFOPLIST_FILE = foodTrackerDemoTests/Info.plist;
				LD_RUNPATH_SEARCH_PATHS = "$(inherited) @executable_path/Frameworks @loader_path/Frameworks";
				PRODUCT_BUNDLE_IDENTIFIER = net.webcorridor.foodTrackerDemoTests;
				PRODUCT_NAME = "$(TARGET_NAME)";
				TEST_HOST = "$(BUILT_PRODUCTS_DIR)/foodTrackerDemo.app/foodTrackerDemo";
			};
			name = Debug;
		};
		D3810E281D59995700D973FB /* Release */ = {
			isa = XCBuildConfiguration;
			buildSettings = {
				BUNDLE_LOADER = "$(TEST_HOST)";
				INFOPLIST_FILE = foodTrackerDemoTests/Info.plist;
				LD_RUNPATH_SEARCH_PATHS = "$(inherited) @executable_path/Frameworks @loader_path/Frameworks";
				PRODUCT_BUNDLE_IDENTIFIER = net.webcorridor.foodTrackerDemoTests;
				PRODUCT_NAME = "$(TARGET_NAME)";
				TEST_HOST = "$(BUILT_PRODUCTS_DIR)/foodTrackerDemo.app/foodTrackerDemo";
			};
			name = Release;
		};
/* End XCBuildConfiguration section */

/* Begin XCConfigurationList section */
		D3810E011D59995700D973FB /* Build configuration list for PBXProject "foodTrackerDemo" */ = {
			isa = XCConfigurationList;
			buildConfigurations = (
				D3810E211D59995700D973FB /* Debug */,
				D3810E221D59995700D973FB /* Release */,
			);
			defaultConfigurationIsVisible = 0;
			defaultConfigurationName = Release;
		};
		D3810E231D59995700D973FB /* Build configuration list for PBXNativeTarget "foodTrackerDemo" */ = {
			isa = XCConfigurationList;
			buildConfigurations = (
				D3810E241D59995700D973FB /* Debug */,
				D3810E251D59995700D973FB /* Release */,
			);
			defaultConfigurationIsVisible = 0;
			defaultConfigurationName = Release;
		};
		D3810E261D59995700D973FB /* Build configuration list for PBXNativeTarget "foodTrackerDemoTests" */ = {
			isa = XCConfigurationList;
			buildConfigurations = (
				D3810E271D59995700D973FB /* Debug */,
				D3810E281D59995700D973FB /* Release */,
			);
			defaultConfigurationIsVisible = 0;
			defaultConfigurationName = Release;
		};
/* End XCConfigurationList section */
	};
	rootObject = D3810DFE1D59995700D973FB /* Project object */;
}
